<?xml version="1.0" encoding="utf-8"?>
<Project ToolsVersion="4.0" xmlns="http://schemas.microsoft.com/developer/msbuild/2003">
  <ItemGroup>
    <Filter Include="리소스 파일">
      <UniqueIdentifier>{67DA6AB6-F800-4c08-8B7A-83BB121AAD01}</UniqueIdentifier>
      <Extensions>rc;ico;cur;bmp;dlg;rc2;rct;bin;rgs;gif;jpg;jpeg;jpe;resx;tiff;tif;png;wav;mfcribbon-ms</Extensions>
    </Filter>
    <Filter Include="Code">
      <UniqueIdentifier>{4FC737F1-C7A5-4376-A066-2A32D752A2FF}</UniqueIdentifier>
      <Extensions>cpp;c;cc;cxx;def;odl;idl;hpj;bat;asm;asmx</Extensions>
    </Filter>
    <Filter Include="Code\Core">
      <UniqueIdentifier>{fd42b727-8461-419c-97fc-1b7a7b8aa207}</UniqueIdentifier>
    </Filter>
    <Filter Include="Code\Framework">
      <UniqueIdentifier>{35e8a0c2-017d-4955-b62a-b830026b2135}</UniqueIdentifier>
    </Filter>
    <Filter Include="Code\D2DManager">
      <UniqueIdentifier>{26091474-bbe9-4e84-97b1-b07081fbf6a7}</UniqueIdentifier>
    </Filter>
    <Filter Include="Code\GameObject">
      <UniqueIdentifier>{f3d98d4d-a1e2-4046-9551-a7f380465e5d}</UniqueIdentifier>
    </Filter>
    <Filter Include="Code\GameObject\Player">
      <UniqueIdentifier>{e36a03a9-d7b4-40b8-a618-b9957aea1144}</UniqueIdentifier>
    </Filter>
    <Filter Include="Code\Scene">
      <UniqueIdentifier>{d0f96827-61ca-4d23-a12a-a79952283ce1}</UniqueIdentifier>
    </Filter>
    <Filter Include="Code\Scene\InGameScene">
      <UniqueIdentifier>{ba7b0cc2-bfd2-4976-a6ad-ca53257d46b0}</UniqueIdentifier>
    </Filter>
    <Filter Include="Code\GameTimer">
      <UniqueIdentifier>{0b9bc88f-ba45-4f04-93ab-67034c9678ec}</UniqueIdentifier>
    </Filter>
    <Filter Include="Code\Input">
      <UniqueIdentifier>{8eab93c2-f62b-4863-be88-6f7bccc584e2}</UniqueIdentifier>
    </Filter>
    <Filter Include="Code\Network">
      <UniqueIdentifier>{8141bf58-f271-4551-a9fc-c408bb2cefd8}</UniqueIdentifier>
    </Filter>
  </ItemGroup>
  <ItemGroup>
    <ClCompile Include="..\Code\Main.cpp">
      <Filter>Code</Filter>
    </ClCompile>
    <ClCompile Include="..\Code\Core\Core.cpp">
      <Filter>Code\Core</Filter>
    </ClCompile>
    <ClCompile Include="..\Code\Framework\Framework.cpp">
      <Filter>Code\Framework</Filter>
    </ClCompile>
    <ClCompile Include="..\Code\D2DManager\D2DManager.cpp">
      <Filter>Code\D2DManager</Filter>
    </ClCompile>
    <ClCompile Include="..\Code\GameObject\GameObject.cpp">
      <Filter>Code\GameObject</Filter>
    </ClCompile>
    <ClCompile Include="..\Code\GameObject\Player\Player.cpp">
      <Filter>Code\GameObject\Player</Filter>
    </ClCompile>
    <ClCompile Include="..\Code\Scene\SceneManager.cpp">
      <Filter>Code\Scene</Filter>
    </ClCompile>
    <ClCompile Include="..\Code\Scene\Scene.cpp">
      <Filter>Code\Scene</Filter>
    </ClCompile>
    <ClCompile Include="..\Code\Scene\InGameScene\InGameScene.cpp">
      <Filter>Code\Scene\InGameScene</Filter>
    </ClCompile>
    <ClCompile Include="..\Code\GameTimer\GameTimer.cpp">
      <Filter>Code\GameTimer</Filter>
    </ClCompile>
    <ClCompile Include="..\Code\Input\Input.cpp">
      <Filter>Code\Input</Filter>
    </ClCompile>
    <ClCompile Include="..\Code\Network\Network.cpp">
      <Filter>Code\Network</Filter>
    </ClCompile>
  </ItemGroup>
  <ItemGroup>
    <ClInclude Include="..\Code\Core\Core.h">
      <Filter>Code\Core</Filter>
    </ClInclude>
    <ClInclude Include="..\Code\Default\Resource.h">
      <Filter>리소스 파일</Filter>
    </ClInclude>
    <ClInclude Include="..\Code\Framework\Framework.h">
      <Filter>Code\Framework</Filter>
    </ClInclude>
    <ClInclude Include="..\Code\Defines.h">
      <Filter>Code</Filter>
    </ClInclude>
    <ClInclude Include="..\Code\Macro.h">
      <Filter>Code</Filter>
    </ClInclude>
    <ClInclude Include="..\Code\D2DManager\D2DManager.h">
      <Filter>Code\D2DManager</Filter>
    </ClInclude>
    <ClInclude Include="..\Code\GameObject\GameObject.h">
      <Filter>Code\GameObject</Filter>
    </ClInclude>
    <ClInclude Include="..\Code\GameObject\Player\Player.h">
      <Filter>Code\GameObject\Player</Filter>
    </ClInclude>
    <ClInclude Include="..\Code\Scene\SceneManager.h">
      <Filter>Code\Scene</Filter>
    </ClInclude>
    <ClInclude Include="..\Code\Scene\Scene.h">
      <Filter>Code\Scene</Filter>
    </ClInclude>
    <ClInclude Include="..\Code\Scene\InGameScene\InGameScene.h">
      <Filter>Code\Scene\InGameScene</Filter>
    </ClInclude>
    <ClInclude Include="..\Code\GameTimer\GameTimer.h">
      <Filter>Code\GameTimer</Filter>
    </ClInclude>
    <ClInclude Include="..\Code\Input\Input.h">
      <Filter>Code\Input</Filter>
    </ClInclude>
    <ClInclude Include="..\Code\Network\Network.h">
      <Filter>Code\Network</Filter>
    </ClInclude>
  </ItemGroup>
  <ItemGroup>
    <Image Include="..\Code\Default\icon1.ico">
      <Filter>리소스 파일</Filter>
    </Image>
  </ItemGroup>
  <ItemGroup>
    <None Include="..\Code\Default\WinAPI_Project.aps">
      <Filter>리소스 파일</Filter>
    </None>
  </ItemGroup>
  <ItemGroup>
    <ResourceCompile Include="..\Code\Default\WinAPI_Project.rc">
      <Filter>리소스 파일</Filter>
    </ResourceCompile>
  </ItemGroup>
</Project>